
Microsoft Visual Studio Solution File, Format Version 12.00
# Visual Studio Version 17
VisualStudioVersion = 17.14.36109.1 d17.14
MinimumVisualStudioVersion = 10.0.40219.1
Project("{FAE04EC0-301F-11D3-BF4B-00C04F79EFBC}") = "AgentSystem.Mobile", "AgentSystem.Mobile\AgentSystem.Mobile.csproj", "{F9A59620-F1DF-48A5-B5D9-78F03C48FD3B}"
EndProject
Global
	GlobalSection(SolutionConfigurationPlatforms) = preSolution
		Debug|Any CPU = Debug|Any CPU
		Release|Any CPU = Release|Any CPU
	EndGlobalSection
	GlobalSection(ProjectConfigurationPlatforms) = postSolution
		{F9A59620-F1DF-48A5-B5D9-78F03C48FD3B}.Debug|Any CPU.ActiveCfg = Debug|Any CPU
		{F9A59620-F1DF-48A5-B5D9-78F03C48FD3B}.Debug|Any CPU.Build.0 = Debug|Any CPU
		{F9A59620-F1DF-48A5-B5D9-78F03C48FD3B}.Debug|Any CPU.Deploy.0 = Debug|Any CPU
		{F9A59620-F1DF-48A5-B5D9-78F03C48FD3B}.Release|Any CPU.ActiveCfg = Release|Any CPU
		{F9A59620-F1DF-48A5-B5D9-78F03C48FD3B}.Release|Any CPU.Build.0 = Release|Any CPU
		{F9A59620-F1DF-48A5-B5D9-78F03C48FD3B}.Release|Any CPU.Deploy.0 = Release|Any CPU
	EndGlobalSection
	GlobalSection(SolutionProperties) = preSolution
		HideSolutionNode = FALSE
	EndGlobalSection
	GlobalSection(ExtensibilityGlobals) = postSolution
		SolutionGuid = {5ABA6771-D029-4B94-A904-3672ED3CA6A5}
	EndGlobalSection
EndGlobal
